
Microsoft Visual Studio Solution File, Format Version 12.00
# Visual Studio Version 17
VisualStudioVersion = 17.14.36301.6
MinimumVisualStudioVersion = 10.0.40219.1
Project("{FAE04EC0-301F-11D3-BF4B-00C04F79EFBC}") = "ItemProcessingApp", "ItemProcessingApp\ItemProcessingApp.csproj", "{FD54B73E-090C-4BCB-945F-500407198642}"
EndProject
Global
	GlobalSection(SolutionConfigurationPlatforms) = preSolution
		Debug|Any CPU = Debug|Any CPU
		Release|Any CPU = Release|Any CPU
	EndGlobalSection
	GlobalSection(ProjectConfigurationPlatforms) = postSolution
		{FD54B73E-090C-4BCB-945F-500407198642}.Debug|Any CPU.ActiveCfg = Debug|Any CPU
		{FD54B73E-090C-4BCB-945F-500407198642}.Debug|Any CPU.Build.0 = Debug|Any CPU
		{FD54B73E-090C-4BCB-945F-500407198642}.Release|Any CPU.ActiveCfg = Release|Any CPU
		{FD54B73E-090C-4BCB-945F-500407198642}.Release|Any CPU.Build.0 = Release|Any CPU
	EndGlobalSection
	GlobalSection(SolutionProperties) = preSolution
		HideSolutionNode = FALSE
	EndGlobalSection
	GlobalSection(ExtensibilityGlobals) = postSolution
		SolutionGuid = {F3FBADBC-3D84-4358-8019-49558EFA5B68}
	EndGlobalSection
EndGlobal
